
Microsoft Visual Studio Solution File, Format Version 12.00
# Visual Studio Version 17
VisualStudioVersion = 17.10.35201.131
MinimumVisualStudioVersion = 10.0.40219.1
Project("{FAE04EC0-301F-11D3-BF4B-00C04F79EFBC}") = "TrophyLibary", "TrophyLibary\TrophyLibary.csproj", "{745C8B8D-90AC-403D-AC63-4C2ABD7308E2}"
EndProject
Project("{FAE04EC0-301F-11D3-BF4B-00C04F79EFBC}") = "TrophyLibaryTests", "TrophyLibaryTests\TrophyLibaryTests.csproj", "{6469F460-2F4E-4CE6-9FFE-EE0D84950A4A}"
EndProject
Global
	GlobalSection(SolutionConfigurationPlatforms) = preSolution
		Debug|Any CPU = Debug|Any CPU
		Release|Any CPU = Release|Any CPU
	EndGlobalSection
	GlobalSection(ProjectConfigurationPlatforms) = postSolution
		{745C8B8D-90AC-403D-AC63-4C2ABD7308E2}.Debug|Any CPU.ActiveCfg = Debug|Any CPU
		{745C8B8D-90AC-403D-AC63-4C2ABD7308E2}.Debug|Any CPU.Build.0 = Debug|Any CPU
		{745C8B8D-90AC-403D-AC63-4C2ABD7308E2}.Release|Any CPU.ActiveCfg = Release|Any CPU
		{745C8B8D-90AC-403D-AC63-4C2ABD7308E2}.Release|Any CPU.Build.0 = Release|Any CPU
		{6469F460-2F4E-4CE6-9FFE-EE0D84950A4A}.Debug|Any CPU.ActiveCfg = Debug|Any CPU
		{6469F460-2F4E-4CE6-9FFE-EE0D84950A4A}.Debug|Any CPU.Build.0 = Debug|Any CPU
		{6469F460-2F4E-4CE6-9FFE-EE0D84950A4A}.Release|Any CPU.ActiveCfg = Release|Any CPU
		{6469F460-2F4E-4CE6-9FFE-EE0D84950A4A}.Release|Any CPU.Build.0 = Release|Any CPU
	EndGlobalSection
	GlobalSection(SolutionProperties) = preSolution
		HideSolutionNode = FALSE
	EndGlobalSection
	GlobalSection(ExtensibilityGlobals) = postSolution
		SolutionGuid = {F080779F-A9D6-421B-BFBD-110E91290B36}
	EndGlobalSection
EndGlobal
